
Microsoft Visual Studio Solution File, Format Version 12.00
# Visual Studio Version 17
VisualStudioVersion = 17.10.35122.118
MinimumVisualStudioVersion = 10.0.40219.1
Project("{9A19103F-16F7-4668-BE54-9A1E7A4F7556}") = "LoggerApp", "LoggerApp\LoggerApp.csproj", "{71BB02A9-2942-480A-9549-3E066995C8E1}"
EndProject
Global
	GlobalSection(SolutionConfigurationPlatforms) = preSolution
		Debug|Any CPU = Debug|Any CPU
		Release|Any CPU = Release|Any CPU
	EndGlobalSection
	GlobalSection(ProjectConfigurationPlatforms) = postSolution
		{71BB02A9-2942-480A-9549-3E066995C8E1}.Debug|Any CPU.ActiveCfg = Debug|Any CPU
		{71BB02A9-2942-480A-9549-3E066995C8E1}.Debug|Any CPU.Build.0 = Debug|Any CPU
		{71BB02A9-2942-480A-9549-3E066995C8E1}.Release|Any CPU.ActiveCfg = Release|Any CPU
		{71BB02A9-2942-480A-9549-3E066995C8E1}.Release|Any CPU.Build.0 = Release|Any CPU
	EndGlobalSection
	GlobalSection(SolutionProperties) = preSolution
		HideSolutionNode = FALSE
	EndGlobalSection
	GlobalSection(ExtensibilityGlobals) = postSolution
		SolutionGuid = {940DF6DF-4E61-4093-817E-1BC6DF96FEAE}
	EndGlobalSection
EndGlobal
